
Microsoft Visual Studio Solution File, Format Version 12.00
# Visual Studio Version 17
VisualStudioVersion = 17.9.34723.18
MinimumVisualStudioVersion = 10.0.40219.1
Project("{9A19103F-16F7-4668-BE54-9A1E7A4F7556}") = "BTL", "BTL.csproj", "{BF8AA9F4-57AE-4EE8-8050-09CA34F984CC}"
EndProject
Global
	GlobalSection(SolutionConfigurationPlatforms) = preSolution
		Debug|Any CPU = Debug|Any CPU
		Release|Any CPU = Release|Any CPU
	EndGlobalSection
	GlobalSection(ProjectConfigurationPlatforms) = postSolution
		{BF8AA9F4-57AE-4EE8-8050-09CA34F984CC}.Debug|Any CPU.ActiveCfg = Debug|Any CPU
		{BF8AA9F4-57AE-4EE8-8050-09CA34F984CC}.Debug|Any CPU.Build.0 = Debug|Any CPU
		{BF8AA9F4-57AE-4EE8-8050-09CA34F984CC}.Release|Any CPU.ActiveCfg = Release|Any CPU
		{BF8AA9F4-57AE-4EE8-8050-09CA34F984CC}.Release|Any CPU.Build.0 = Release|Any CPU
	EndGlobalSection
	GlobalSection(SolutionProperties) = preSolution
		HideSolutionNode = FALSE
	EndGlobalSection
	GlobalSection(ExtensibilityGlobals) = postSolution
		SolutionGuid = {F8C167C3-99DA-4EF7-B704-7E03CBFF2E6F}
	EndGlobalSection
EndGlobal
